
Microsoft Visual Studio Solution File, Format Version 12.00
# Visual Studio Version 16
VisualStudioVersion = 16.0.30114.105
MinimumVisualStudioVersion = 10.0.40219.1
Project("{FAE04EC0-301F-11D3-BF4B-00C04F79EFBC}") = "Specifications", "Source\Specifications\Specifications.csproj", "{13029445-7A43-4C89-AA1E-FED64A6FF21F}"
EndProject
Project("{FAE04EC0-301F-11D3-BF4B-00C04F79EFBC}") = "Sample.XUnit", "Sample\XUnit\Sample.XUnit.csproj", "{81C0607D-8AFD-45C1-B180-72DBD9DB04C0}"
EndProject
Project("{2150E333-8FDC-42A3-9474-1A3956D46DE8}") = "Source", "Source", "{7AA04E60-3F67-4AF9-AF0D-F67350A79B09}"
EndProject
Project("{FAE04EC0-301F-11D3-BF4B-00C04F79EFBC}") = "XUnit", "Source\XUnit\XUnit.csproj", "{99548DA3-DDFD-4F64-A326-CE87EBF826B8}"
EndProject
Project("{FAE04EC0-301F-11D3-BF4B-00C04F79EFBC}") = "NUnit", "Source\NUnit\NUnit.csproj", "{C342418A-68D0-4465-ABF6-702216236DF3}"
EndProject
Project("{2150E333-8FDC-42A3-9474-1A3956D46DE8}") = "Sample", "Sample", "{3FD4AE08-9E37-4E5A-AEBC-20108BD21DD8}"
EndProject
Project("{FAE04EC0-301F-11D3-BF4B-00C04F79EFBC}") = "Sample.NUnit", "Sample\NUnit\Sample.NUnit.csproj", "{4B1741EB-E0D2-408A-A0C6-74D0B1A3FBA0}"
EndProject
Global
	GlobalSection(SolutionConfigurationPlatforms) = preSolution
		Debug|Any CPU = Debug|Any CPU
		Release|Any CPU = Release|Any CPU
	EndGlobalSection
	GlobalSection(SolutionProperties) = preSolution
		HideSolutionNode = FALSE
	EndGlobalSection
	GlobalSection(ProjectConfigurationPlatforms) = postSolution
		{13029445-7A43-4C89-AA1E-FED64A6FF21F}.Debug|Any CPU.ActiveCfg = Debug|Any CPU
		{13029445-7A43-4C89-AA1E-FED64A6FF21F}.Debug|Any CPU.Build.0 = Debug|Any CPU
		{13029445-7A43-4C89-AA1E-FED64A6FF21F}.Release|Any CPU.ActiveCfg = Release|Any CPU
		{13029445-7A43-4C89-AA1E-FED64A6FF21F}.Release|Any CPU.Build.0 = Release|Any CPU
		{81C0607D-8AFD-45C1-B180-72DBD9DB04C0}.Debug|Any CPU.ActiveCfg = Debug|Any CPU
		{81C0607D-8AFD-45C1-B180-72DBD9DB04C0}.Debug|Any CPU.Build.0 = Debug|Any CPU
		{81C0607D-8AFD-45C1-B180-72DBD9DB04C0}.Release|Any CPU.ActiveCfg = Release|Any CPU
		{81C0607D-8AFD-45C1-B180-72DBD9DB04C0}.Release|Any CPU.Build.0 = Release|Any CPU
		{99548DA3-DDFD-4F64-A326-CE87EBF826B8}.Debug|Any CPU.ActiveCfg = Debug|Any CPU
		{99548DA3-DDFD-4F64-A326-CE87EBF826B8}.Debug|Any CPU.Build.0 = Debug|Any CPU
		{99548DA3-DDFD-4F64-A326-CE87EBF826B8}.Release|Any CPU.ActiveCfg = Release|Any CPU
		{99548DA3-DDFD-4F64-A326-CE87EBF826B8}.Release|Any CPU.Build.0 = Release|Any CPU
		{C342418A-68D0-4465-ABF6-702216236DF3}.Debug|Any CPU.ActiveCfg = Debug|Any CPU
		{C342418A-68D0-4465-ABF6-702216236DF3}.Debug|Any CPU.Build.0 = Debug|Any CPU
		{C342418A-68D0-4465-ABF6-702216236DF3}.Release|Any CPU.ActiveCfg = Release|Any CPU
		{C342418A-68D0-4465-ABF6-702216236DF3}.Release|Any CPU.Build.0 = Release|Any CPU
		{4B1741EB-E0D2-408A-A0C6-74D0B1A3FBA0}.Debug|Any CPU.ActiveCfg = Debug|Any CPU
		{4B1741EB-E0D2-408A-A0C6-74D0B1A3FBA0}.Debug|Any CPU.Build.0 = Debug|Any CPU
		{4B1741EB-E0D2-408A-A0C6-74D0B1A3FBA0}.Release|Any CPU.ActiveCfg = Release|Any CPU
		{4B1741EB-E0D2-408A-A0C6-74D0B1A3FBA0}.Release|Any CPU.Build.0 = Release|Any CPU
	EndGlobalSection
	GlobalSection(NestedProjects) = preSolution
		{99548DA3-DDFD-4F64-A326-CE87EBF826B8} = {7AA04E60-3F67-4AF9-AF0D-F67350A79B09}
		{C342418A-68D0-4465-ABF6-702216236DF3} = {7AA04E60-3F67-4AF9-AF0D-F67350A79B09}
		{4B1741EB-E0D2-408A-A0C6-74D0B1A3FBA0} = {3FD4AE08-9E37-4E5A-AEBC-20108BD21DD8}
	EndGlobalSection
EndGlobal
